
Microsoft Visual Studio Solution File, Format Version 12.00
# Visual Studio Version 16
VisualStudioVersion = 16.0.29215.179
MinimumVisualStudioVersion = 10.0.40219.1
Project("{FAE04EC0-301F-11D3-BF4B-00C04F79EFBC}") = "cashregister", "cashregister\cashregister.csproj", "{440BFBF6-2E8F-4BCD-9CF4-5CCF24AFD9CE}"
EndProject
Global
	GlobalSection(SolutionConfigurationPlatforms) = preSolution
		Debug|Any CPU = Debug|Any CPU
		Release|Any CPU = Release|Any CPU
	EndGlobalSection
	GlobalSection(ProjectConfigurationPlatforms) = postSolution
		{440BFBF6-2E8F-4BCD-9CF4-5CCF24AFD9CE}.Debug|Any CPU.ActiveCfg = Debug|Any CPU
		{440BFBF6-2E8F-4BCD-9CF4-5CCF24AFD9CE}.Debug|Any CPU.Build.0 = Debug|Any CPU
		{440BFBF6-2E8F-4BCD-9CF4-5CCF24AFD9CE}.Release|Any CPU.ActiveCfg = Release|Any CPU
		{440BFBF6-2E8F-4BCD-9CF4-5CCF24AFD9CE}.Release|Any CPU.Build.0 = Release|Any CPU
	EndGlobalSection
	GlobalSection(SolutionProperties) = preSolution
		HideSolutionNode = FALSE
	EndGlobalSection
	GlobalSection(ExtensibilityGlobals) = postSolution
		SolutionGuid = {2B1B6D86-4F9D-4CE3-896D-9A35893452B4}
	EndGlobalSection
EndGlobal
